// !$*UTF8*$!
{
	archiveVersion = 1;
	classes = {
	};
	objectVersion = 51;
	objects = {

/* Begin PBXBuildFile section */
		2C04550024838F6100997854 /* TableViewController.swift in Sources */ = {isa = PBXBuildFile; fileRef = 2C0454FF24838F6100997854 /* TableViewController.swift */; };
		2C9AEC2A24AA78D5009B40E2 /* ItemCollectionViewCell.xib in Resources */ = {isa = PBXBuildFile; fileRef = 2C9AEC2724AA78D4009B40E2 /* ItemCollectionViewCell.xib */; };
		2C9AEC2B24AA78D5009B40E2 /* ImageViewerViewController.swift in Sources */ = {isa = PBXBuildFile; fileRef = 2C9AEC2824AA78D4009B40E2 /* ImageViewerViewController.swift */; };
		2C9AEC2C24AA78D5009B40E2 /* ItemCollectionViewCell.swift in Sources */ = {isa = PBXBuildFile; fileRef = 2C9AEC2924AA78D4009B40E2 /* ItemCollectionViewCell.swift */; };
		4111703B2492B4D0007124D9 /* DemoTableTableViewCell.swift in Sources */ = {isa = PBXBuildFile; fileRef = 411170392492B4D0007124D9 /* DemoTableTableViewCell.swift */; };
		4111703C2492B4D0007124D9 /* DemoTableTableViewCell.xib in Resources */ = {isa = PBXBuildFile; fileRef = 4111703A2492B4D0007124D9 /* DemoTableTableViewCell.xib */; };
		4111703E2492B4F9007124D9 /* HistoryViewController.swift in Sources */ = {isa = PBXBuildFile; fileRef = 4111703D2492B4F9007124D9 /* HistoryViewController.swift */; };
		411170402492B54A007124D9 /* HistoryDetailViewController.swift in Sources */ = {isa = PBXBuildFile; fileRef = 4111703F2492B54A007124D9 /* HistoryDetailViewController.swift */; };
		70C9D88F2B17A651DE929158 /* Pods_2020SummerProjTests.framework in Frameworks */ = {isa = PBXBuildFile; fileRef = B6ED73196CB19A5CAB0F3EFF /* Pods_2020SummerProjTests.framework */; };
		90E76B82B1904E89A7AA7CE3 /* Pods_2020SummerProj.framework in Frameworks */ = {isa = PBXBuildFile; fileRef = C56D1A44A9453D4EB81F03C4 /* Pods_2020SummerProj.framework */; };
		9F63FB432478810E00CA2ABA /* User.swift in Sources */ = {isa = PBXBuildFile; fileRef = 9F63FB422478810E00CA2ABA /* User.swift */; };
		9F88AFE92476588B001BEA12 /* homepageViewController.swift in Sources */ = {isa = PBXBuildFile; fileRef = 9F88AFE82476588B001BEA12 /* homepageViewController.swift */; };
		9F88AFEB247658C0001BEA12 /* firstViewController.swift in Sources */ = {isa = PBXBuildFile; fileRef = 9F88AFEA247658C0001BEA12 /* firstViewController.swift */; };
		9F88AFED247658CB001BEA12 /* secondViewController.swift in Sources */ = {isa = PBXBuildFile; fileRef = 9F88AFEC247658CB001BEA12 /* secondViewController.swift */; };
		9F88AFEF247658D6001BEA12 /* profileViewController.swift in Sources */ = {isa = PBXBuildFile; fileRef = 9F88AFEE247658D6001BEA12 /* profileViewController.swift */; };
		9F97C52D248C4266007F269D /* video.mp4 in Resources */ = {isa = PBXBuildFile; fileRef = 9F97C52C248C4266007F269D /* video.mp4 */; };
		9F97C52F248C44B9007F269D /* fourthViewController.swift in Sources */ = {isa = PBXBuildFile; fileRef = 9F97C52E248C44B9007F269D /* fourthViewController.swift */; };
		9FCC246E24757FB1009B0E35 /* Constants.swift in Sources */ = {isa = PBXBuildFile; fileRef = 9FCC246D24757FB1009B0E35 /* Constants.swift */; };
		9FCDE4C32474B3F2009F46F3 /* GoogleService-Info.plist in Resources */ = {isa = PBXBuildFile; fileRef = 9FCDE4C22474B3F2009F46F3 /* GoogleService-Info.plist */; };
		9FDF146D2474AA7600A0C727 /* AppDelegate.swift in Sources */ = {isa = PBXBuildFile; fileRef = 9FDF146C2474AA7600A0C727 /* AppDelegate.swift */; };
		9FDF146F2474AA7600A0C727 /* SceneDelegate.swift in Sources */ = {isa = PBXBuildFile; fileRef = 9FDF146E2474AA7600A0C727 /* SceneDelegate.swift */; };
		9FDF14712474AA7600A0C727 /* ViewController.swift in Sources */ = {isa = PBXBuildFile; fileRef = 9FDF14702474AA7600A0C727 /* ViewController.swift */; };
		9FDF14742474AA7600A0C727 /* Main.storyboard in Resources */ = {isa = PBXBuildFile; fileRef = 9FDF14722474AA7600A0C727 /* Main.storyboard */; };
		9FDF14762474AA7700A0C727 /* Assets.xcassets in Resources */ = {isa = PBXBuildFile; fileRef = 9FDF14752474AA7700A0C727 /* Assets.xcassets */; };
		9FDF14792474AA7700A0C727 /* LaunchScreen.storyboard in Resources */ = {isa = PBXBuildFile; fileRef = 9FDF14772474AA7700A0C727 /* LaunchScreen.storyboard */; };
		9FDF14842474AA7700A0C727 /* _020SummerProjTests.swift in Sources */ = {isa = PBXBuildFile; fileRef = 9FDF14832474AA7700A0C727 /* _020SummerProjTests.swift */; };
		9FDF148F2474AA7700A0C727 /* _020SummerProjUITests.swift in Sources */ = {isa = PBXBuildFile; fileRef = 9FDF148E2474AA7700A0C727 /* _020SummerProjUITests.swift */; };
		9FDF149E2474AAEA00A0C727 /* initialViewController.swift in Sources */ = {isa = PBXBuildFile; fileRef = 9FDF149D2474AAEA00A0C727 /* initialViewController.swift */; };
		9FDF14A02474AAF400A0C727 /* loginViewController.swift in Sources */ = {isa = PBXBuildFile; fileRef = 9FDF149F2474AAF400A0C727 /* loginViewController.swift */; };
		9FDF14A22474AAFE00A0C727 /* signupViewController.swift in Sources */ = {isa = PBXBuildFile; fileRef = 9FDF14A12474AAFE00A0C727 /* signupViewController.swift */; };
		9FDF14A72474AD6800A0C727 /* Utilities.swift in Sources */ = {isa = PBXBuildFile; fileRef = 9FDF14A62474AD6800A0C727 /* Utilities.swift */; };
		D7AF24BD20CED8FCDB686DE9 /* Pods_2020SummerProj_2020SummerProjUITests.framework in Frameworks */ = {isa = PBXBuildFile; fileRef = 752BC1B8AFCCEFF5000C0C4D /* Pods_2020SummerProj_2020SummerProjUITests.framework */; };
/* End PBXBuildFile section */

/* Begin PBXContainerItemProxy section */
		9FDF14802474AA7700A0C727 /* PBXContainerItemProxy */ = {
			isa = PBXContainerItemProxy;
			containerPortal = 9FDF14612474AA7600A0C727 /* Project object */;
			proxyType = 1;
			remoteGlobalIDString = 9FDF14682474AA7600A0C727;
			remoteInfo = 2020SummerProj;
		};
		9FDF148B2474AA7700A0C727 /* PBXContainerItemProxy */ = {
			isa = PBXContainerItemProxy;
			containerPortal = 9FDF14612474AA7600A0C727 /* Project object */;
			proxyType = 1;
			remoteGlobalIDString = 9FDF14682474AA7600A0C727;
			remoteInfo = 2020SummerProj;
		};
/* End PBXContainerItemProxy section */

/* Begin PBXFileReference section */
		2C0454FF24838F6100997854 /* TableViewController.swift */ = {isa = PBXFileReference; lastKnownFileType = sourcecode.swift; path = TableViewController.swift; sourceTree = "<group>"; };
		2C9AEC2724AA78D4009B40E2 /* ItemCollectionViewCell.xib */ = {isa = PBXFileReference; fileEncoding = 4; lastKnownFileType = file.xib; path = ItemCollectionViewCell.xib; sourceTree = "<group>"; };
		2C9AEC2824AA78D4009B40E2 /* ImageViewerViewController.swift */ = {isa = PBXFileReference; fileEncoding = 4; lastKnownFileType = sourcecode.swift; path = ImageViewerViewController.swift; sourceTree = "<group>"; };
		2C9AEC2924AA78D4009B40E2 /* ItemCollectionViewCell.swift */ = {isa = PBXFileReference; fileEncoding = 4; lastKnownFileType = sourcecode.swift; path = ItemCollectionViewCell.swift; sourceTree = "<group>"; };
		411170392492B4D0007124D9 /* DemoTableTableViewCell.swift */ = {isa = PBXFileReference; fileEncoding = 4; lastKnownFileType = sourcecode.swift; path = DemoTableTableViewCell.swift; sourceTree = "<group>"; };
		4111703A2492B4D0007124D9 /* DemoTableTableViewCell.xib */ = {isa = PBXFileReference; fileEncoding = 4; lastKnownFileType = file.xib; path = DemoTableTableViewCell.xib; sourceTree = "<group>"; };
		4111703D2492B4F9007124D9 /* HistoryViewController.swift */ = {isa = PBXFileReference; lastKnownFileType = sourcecode.swift; path = HistoryViewController.swift; sourceTree = "<group>"; };
		4111703F2492B54A007124D9 /* HistoryDetailViewController.swift */ = {isa = PBXFileReference; lastKnownFileType = sourcecode.swift; path = HistoryDetailViewController.swift; sourceTree = "<group>"; };
		58474411ADC00EC2B92F8B02 /* Pods-2020SummerProj-2020SummerProjUITests.release.xcconfig */ = {isa = PBXFileReference; includeInIndex = 1; lastKnownFileType = text.xcconfig; name = "Pods-2020SummerProj-2020SummerProjUITests.release.xcconfig"; path = "Target Support Files/Pods-2020SummerProj-2020SummerProjUITests/Pods-2020SummerProj-2020SummerProjUITests.release.xcconfig"; sourceTree = "<group>"; };
		752BC1B8AFCCEFF5000C0C4D /* Pods_2020SummerProj_2020SummerProjUITests.framework */ = {isa = PBXFileReference; explicitFileType = wrapper.framework; includeInIndex = 0; path = Pods_2020SummerProj_2020SummerProjUITests.framework; sourceTree = BUILT_PRODUCTS_DIR; };
		9F63FB422478810E00CA2ABA /* User.swift */ = {isa = PBXFileReference; lastKnownFileType = sourcecode.swift; path = User.swift; sourceTree = "<group>"; };
		9F88AFE82476588B001BEA12 /* homepageViewController.swift */ = {isa = PBXFileReference; lastKnownFileType = sourcecode.swift; path = homepageViewController.swift; sourceTree = "<group>"; };
		9F88AFEA247658C0001BEA12 /* firstViewController.swift */ = {isa = PBXFileReference; lastKnownFileType = sourcecode.swift; path = firstViewController.swift; sourceTree = "<group>"; };
		9F88AFEC247658CB001BEA12 /* secondViewController.swift */ = {isa = PBXFileReference; lastKnownFileType = sourcecode.swift; path = secondViewController.swift; sourceTree = "<group>"; };
		9F88AFEE247658D6001BEA12 /* profileViewController.swift */ = {isa = PBXFileReference; lastKnownFileType = sourcecode.swift; path = profileViewController.swift; sourceTree = "<group>"; };
		9F97C52C248C4266007F269D /* video.mp4 */ = {isa = PBXFileReference; lastKnownFileType = file; path = video.mp4; sourceTree = "<group>"; };
		9F97C52E248C44B9007F269D /* fourthViewController.swift */ = {isa = PBXFileReference; lastKnownFileType = sourcecode.swift; path = fourthViewController.swift; sourceTree = "<group>"; };
		9FCC246D24757FB1009B0E35 /* Constants.swift */ = {isa = PBXFileReference; lastKnownFileType = sourcecode.swift; path = Constants.swift; sourceTree = "<group>"; };
		9FCDE4C22474B3F2009F46F3 /* GoogleService-Info.plist */ = {isa = PBXFileReference; fileEncoding = 4; lastKnownFileType = text.plist.xml; path = "GoogleService-Info.plist"; sourceTree = "<group>"; };
		9FDF14692474AA7600A0C727 /* 2020SummerProj.app */ = {isa = PBXFileReference; explicitFileType = wrapper.application; includeInIndex = 0; path = 2020SummerProj.app; sourceTree = BUILT_PRODUCTS_DIR; };
		9FDF146C2474AA7600A0C727 /* AppDelegate.swift */ = {isa = PBXFileReference; lastKnownFileType = sourcecode.swift; path = AppDelegate.swift; sourceTree = "<group>"; };
		9FDF146E2474AA7600A0C727 /* SceneDelegate.swift */ = {isa = PBXFileReference; lastKnownFileType = sourcecode.swift; path = SceneDelegate.swift; sourceTree = "<group>"; };
		9FDF14702474AA7600A0C727 /* ViewController.swift */ = {isa = PBXFileReference; lastKnownFileType = sourcecode.swift; path = ViewController.swift; sourceTree = "<group>"; };
		9FDF14732474AA7600A0C727 /* Base */ = {isa = PBXFileReference; lastKnownFileType = file.storyboard; name = Base; path = Base.lproj/Main.storyboard; sourceTree = "<group>"; };
		9FDF14752474AA7700A0C727 /* Assets.xcassets */ = {isa = PBXFileReference; lastKnownFileType = folder.assetcatalog; path = Assets.xcassets; sourceTree = "<group>"; };
		9FDF14782474AA7700A0C727 /* Base */ = {isa = PBXFileReference; lastKnownFileType = file.storyboard; name = Base; path = Base.lproj/LaunchScreen.storyboard; sourceTree = "<group>"; };
		9FDF147A2474AA7700A0C727 /* Info.plist */ = {isa = PBXFileReference; lastKnownFileType = text.plist.xml; path = Info.plist; sourceTree = "<group>"; };
		9FDF147F2474AA7700A0C727 /* 2020SummerProjTests.xctest */ = {isa = PBXFileReference; explicitFileType = wrapper.cfbundle; includeInIndex = 0; path = 2020SummerProjTests.xctest; sourceTree = BUILT_PRODUCTS_DIR; };
		9FDF14832474AA7700A0C727 /* _020SummerProjTests.swift */ = {isa = PBXFileReference; lastKnownFileType = sourcecode.swift; path = _020SummerProjTests.swift; sourceTree = "<group>"; };
		9FDF14852474AA7700A0C727 /* Info.plist */ = {isa = PBXFileReference; lastKnownFileType = text.plist.xml; path = Info.plist; sourceTree = "<group>"; };
		9FDF148A2474AA7700A0C727 /* 2020SummerProjUITests.xctest */ = {isa = PBXFileReference; explicitFileType = wrapper.cfbundle; includeInIndex = 0; path = 2020SummerProjUITests.xctest; sourceTree = BUILT_PRODUCTS_DIR; };
		9FDF148E2474AA7700A0C727 /* _020SummerProjUITests.swift */ = {isa = PBXFileReference; lastKnownFileType = sourcecode.swift; path = _020SummerProjUITests.swift; sourceTree = "<group>"; };
		9FDF14902474AA7700A0C727 /* Info.plist */ = {isa = PBXFileReference; lastKnownFileType = text.plist.xml; path = Info.plist; sourceTree = "<group>"; };
		9FDF149D2474AAEA00A0C727 /* initialViewController.swift */ = {isa = PBXFileReference; lastKnownFileType = sourcecode.swift; path = initialViewController.swift; sourceTree = "<group>"; };
		9FDF149F2474AAF400A0C727 /* loginViewController.swift */ = {isa = PBXFileReference; lastKnownFileType = sourcecode.swift; path = loginViewController.swift; sourceTree = "<group>"; };
		9FDF14A12474AAFE00A0C727 /* signupViewController.swift */ = {isa = PBXFileReference; lastKnownFileType = sourcecode.swift; path = signupViewController.swift; sourceTree = "<group>"; };
		9FDF14A62474AD6800A0C727 /* Utilities.swift */ = {isa = PBXFileReference; fileEncoding = 4; lastKnownFileType = sourcecode.swift; path = Utilities.swift; sourceTree = "<group>"; };
		A7AA17BD6E5521C88EA382E6 /* Pods-2020SummerProj-2020SummerProjUITests.debug.xcconfig */ = {isa = PBXFileReference; includeInIndex = 1; lastKnownFileType = text.xcconfig; name = "Pods-2020SummerProj-2020SummerProjUITests.debug.xcconfig"; path = "Target Support Files/Pods-2020SummerProj-2020SummerProjUITests/Pods-2020SummerProj-2020SummerProjUITests.debug.xcconfig"; sourceTree = "<group>"; };
		B03FA6EC22191D28988AE360 /* Pods-2020SummerProj.release.xcconfig */ = {isa = PBXFileReference; includeInIndex = 1; lastKnownFileType = text.xcconfig; name = "Pods-2020SummerProj.release.xcconfig"; path = "Target Support Files/Pods-2020SummerProj/Pods-2020SummerProj.release.xcconfig"; sourceTree = "<group>"; };
		B6ED73196CB19A5CAB0F3EFF /* Pods_2020SummerProjTests.framework */ = {isa = PBXFileReference; explicitFileType = wrapper.framework; includeInIndex = 0; path = Pods_2020SummerProjTests.framework; sourceTree = BUILT_PRODUCTS_DIR; };
		C56D1A44A9453D4EB81F03C4 /* Pods_2020SummerProj.framework */ = {isa = PBXFileReference; explicitFileType = wrapper.framework; includeInIndex = 0; path = Pods_2020SummerProj.framework; sourceTree = BUILT_PRODUCTS_DIR; };
		C779054504C7D2C57E3A3D55 /* Pods-2020SummerProj.debug.xcconfig */ = {isa = PBXFileReference; includeInIndex = 1; lastKnownFileType = text.xcconfig; name = "Pods-2020SummerProj.debug.xcconfig"; path = "Target Support Files/Pods-2020SummerProj/Pods-2020SummerProj.debug.xcconfig"; sourceTree = "<group>"; };
		E81599A638C0693075F2442C /* Pods-2020SummerProjTests.debug.xcconfig */ = {isa = PBXFileReference; includeInIndex = 1; lastKnownFileType = text.xcconfig; name = "Pods-2020SummerProjTests.debug.xcconfig"; path = "Target Support Files/Pods-2020SummerProjTests/Pods-2020SummerProjTests.debug.xcconfig"; sourceTree = "<group>"; };
		F8E951A9A4B5F049EC2EBB07 /* Pods-2020SummerProjTests.release.xcconfig */ = {isa = PBXFileReference; includeInIndex = 1; lastKnownFileType = text.xcconfig; name = "Pods-2020SummerProjTests.release.xcconfig"; path = "Target Support Files/Pods-2020SummerProjTests/Pods-2020SummerProjTests.release.xcconfig"; sourceTree = "<group>"; };
/* End PBXFileReference section */

/* Begin PBXFrameworksBuildPhase section */
		9FDF14662474AA7600A0C727 /* Frameworks */ = {
			isa = PBXFrameworksBuildPhase;
			buildActionMask = 2147483647;
			files = (
				90E76B82B1904E89A7AA7CE3 /* Pods_2020SummerProj.framework in Frameworks */,
			);
			runOnlyForDeploymentPostprocessing = 0;
		};
		9FDF147C2474AA7700A0C727 /* Frameworks */ = {
			isa = PBXFrameworksBuildPhase;
			buildActionMask = 2147483647;
			files = (
				70C9D88F2B17A651DE929158 /* Pods_2020SummerProjTests.framework in Frameworks */,
			);
			runOnlyForDeploymentPostprocessing = 0;
		};
		9FDF14872474AA7700A0C727 /* Frameworks */ = {
			isa = PBXFrameworksBuildPhase;
			buildActionMask = 2147483647;
			files = (
				D7AF24BD20CED8FCDB686DE9 /* Pods_2020SummerProj_2020SummerProjUITests.framework in Frameworks */,
			);
			runOnlyForDeploymentPostprocessing = 0;
		};
/* End PBXFrameworksBuildPhase section */

/* Begin PBXGroup section */
		2F834A2B4C9E03499F766001 /* Frameworks */ = {
			isa = PBXGroup;
			children = (
				C56D1A44A9453D4EB81F03C4 /* Pods_2020SummerProj.framework */,
				752BC1B8AFCCEFF5000C0C4D /* Pods_2020SummerProj_2020SummerProjUITests.framework */,
				B6ED73196CB19A5CAB0F3EFF /* Pods_2020SummerProjTests.framework */,
			);
			name = Frameworks;
			sourceTree = "<group>";
		};
		45BCCAF70DFD18CC6FEE28AE /* Pods */ = {
			isa = PBXGroup;
			children = (
				C779054504C7D2C57E3A3D55 /* Pods-2020SummerProj.debug.xcconfig */,
				B03FA6EC22191D28988AE360 /* Pods-2020SummerProj.release.xcconfig */,
				A7AA17BD6E5521C88EA382E6 /* Pods-2020SummerProj-2020SummerProjUITests.debug.xcconfig */,
				58474411ADC00EC2B92F8B02 /* Pods-2020SummerProj-2020SummerProjUITests.release.xcconfig */,
				E81599A638C0693075F2442C /* Pods-2020SummerProjTests.debug.xcconfig */,
				F8E951A9A4B5F049EC2EBB07 /* Pods-2020SummerProjTests.release.xcconfig */,
			);
			path = Pods;
			sourceTree = "<group>";
		};
		9F63FB41247880F500CA2ABA /* Model */ = {
			isa = PBXGroup;
			children = (
				9F63FB422478810E00CA2ABA /* User.swift */,
			);
			path = Model;
			sourceTree = "<group>";
		};
		9FCC246F24758A9A009B0E35 /* Media */ = {
			isa = PBXGroup;
			children = (
				9F97C52C248C4266007F269D /* video.mp4 */,
			);
			path = Media;
			sourceTree = "<group>";
		};
		9FDF14602474AA7600A0C727 = {
			isa = PBXGroup;
			children = (
				9FDF146B2474AA7600A0C727 /* 2020SummerProj */,
				9FDF14822474AA7700A0C727 /* 2020SummerProjTests */,
				9FDF148D2474AA7700A0C727 /* 2020SummerProjUITests */,
				9FDF146A2474AA7600A0C727 /* Products */,
				45BCCAF70DFD18CC6FEE28AE /* Pods */,
				2F834A2B4C9E03499F766001 /* Frameworks */,
			);
			sourceTree = "<group>";
		};
		9FDF146A2474AA7600A0C727 /* Products */ = {
			isa = PBXGroup;
			children = (
				9FDF14692474AA7600A0C727 /* 2020SummerProj.app */,
				9FDF147F2474AA7700A0C727 /* 2020SummerProjTests.xctest */,
				9FDF148A2474AA7700A0C727 /* 2020SummerProjUITests.xctest */,
			);
			name = Products;
			sourceTree = "<group>";
		};
		9FDF146B2474AA7600A0C727 /* 2020SummerProj */ = {
			isa = PBXGroup;
			children = (
				9F63FB41247880F500CA2ABA /* Model */,
				9FCC246F24758A9A009B0E35 /* Media */,
				9FDF14A52474AD5E00A0C727 /* Helpers */,
				9FDF149C2474AABF00A0C727 /* ViewControllers */,
				9FDF146C2474AA7600A0C727 /* AppDelegate.swift */,
				2C9AEC2824AA78D4009B40E2 /* ImageViewerViewController.swift */,
				2C9AEC2924AA78D4009B40E2 /* ItemCollectionViewCell.swift */,
				2C9AEC2724AA78D4009B40E2 /* ItemCollectionViewCell.xib */,
				9FDF146E2474AA7600A0C727 /* SceneDelegate.swift */,
				9FDF14702474AA7600A0C727 /* ViewController.swift */,
				411170392492B4D0007124D9 /* DemoTableTableViewCell.swift */,
				4111703A2492B4D0007124D9 /* DemoTableTableViewCell.xib */,
				9FDF14722474AA7600A0C727 /* Main.storyboard */,
				9FDF14752474AA7700A0C727 /* Assets.xcassets */,
				9FDF14772474AA7700A0C727 /* LaunchScreen.storyboard */,
				9FCDE4C22474B3F2009F46F3 /* GoogleService-Info.plist */,
				9FDF147A2474AA7700A0C727 /* Info.plist */,
			);
			path = 2020SummerProj;
			sourceTree = "<group>";
		};
		9FDF14822474AA7700A0C727 /* 2020SummerProjTests */ = {
			isa = PBXGroup;
			children = (
				9FDF14832474AA7700A0C727 /* _020SummerProjTests.swift */,
				9FDF14852474AA7700A0C727 /* Info.plist */,
			);
			path = 2020SummerProjTests;
			sourceTree = "<group>";
		};
		9FDF148D2474AA7700A0C727 /* 2020SummerProjUITests */ = {
			isa = PBXGroup;
			children = (
				9FDF148E2474AA7700A0C727 /* _020SummerProjUITests.swift */,
				9FDF14902474AA7700A0C727 /* Info.plist */,
			);
			path = 2020SummerProjUITests;
			sourceTree = "<group>";
		};
		9FDF149C2474AABF00A0C727 /* ViewControllers */ = {
			isa = PBXGroup;
			children = (
				9FDF149D2474AAEA00A0C727 /* initialViewController.swift */,
				9FDF149F2474AAF400A0C727 /* loginViewController.swift */,
				9FDF14A12474AAFE00A0C727 /* signupViewController.swift */,
				9F88AFE82476588B001BEA12 /* homepageViewController.swift */,
				9F88AFEA247658C0001BEA12 /* firstViewController.swift */,
				9F88AFEC247658CB001BEA12 /* secondViewController.swift */,
				2C0454FF24838F6100997854 /* TableViewController.swift */,
				9F88AFEE247658D6001BEA12 /* profileViewController.swift */,
				9F97C52E248C44B9007F269D /* fourthViewController.swift */,
				4111703D2492B4F9007124D9 /* HistoryViewController.swift */,
				4111703F2492B54A007124D9 /* HistoryDetailViewController.swift */,
			);
			path = ViewControllers;
			sourceTree = "<group>";
		};
		9FDF14A52474AD5E00A0C727 /* Helpers */ = {
			isa = PBXGroup;
			children = (
				9FDF14A62474AD6800A0C727 /* Utilities.swift */,
				9FCC246D24757FB1009B0E35 /* Constants.swift */,
			);
			path = Helpers;
			sourceTree = "<group>";
		};
/* End PBXGroup section */

/* Begin PBXNativeTarget section */
		9FDF14682474AA7600A0C727 /* 2020SummerProj */ = {
			isa = PBXNativeTarget;
			buildConfigurationList = 9FDF14932474AA7700A0C727 /* Build configuration list for PBXNativeTarget "2020SummerProj" */;
			buildPhases = (
				5D46E91BCE327C62F06F2236 /* [CP] Check Pods Manifest.lock */,
				9FDF14652474AA7600A0C727 /* Sources */,
				9FDF14662474AA7600A0C727 /* Frameworks */,
				9FDF14672474AA7600A0C727 /* Resources */,
				2DD2107F8EC93653C9C0BA63 /* [CP] Embed Pods Frameworks */,
			);
			buildRules = (
			);
			dependencies = (
			);
			name = 2020SummerProj;
			productName = 2020SummerProj;
			productReference = 9FDF14692474AA7600A0C727 /* 2020SummerProj.app */;
			productType = "com.apple.product-type.application";
		};
		9FDF147E2474AA7700A0C727 /* 2020SummerProjTests */ = {
			isa = PBXNativeTarget;
			buildConfigurationList = 9FDF14962474AA7700A0C727 /* Build configuration list for PBXNativeTarget "2020SummerProjTests" */;
			buildPhases = (
				F0FAB582E013579213CAA0E6 /* [CP] Check Pods Manifest.lock */,
				9FDF147B2474AA7700A0C727 /* Sources */,
				9FDF147C2474AA7700A0C727 /* Frameworks */,
				9FDF147D2474AA7700A0C727 /* Resources */,
			);
			buildRules = (
			);
			dependencies = (
				9FDF14812474AA7700A0C727 /* PBXTargetDependency */,
			);
			name = 2020SummerProjTests;
			productName = 2020SummerProjTests;
			productReference = 9FDF147F2474AA7700A0C727 /* 2020SummerProjTests.xctest */;
			productType = "com.apple.product-type.bundle.unit-test";
		};
		9FDF14892474AA7700A0C727 /* 2020SummerProjUITests */ = {
			isa = PBXNativeTarget;
			buildConfigurationList = 9FDF14992474AA7700A0C727 /* Build configuration list for PBXNativeTarget "2020SummerProjUITests" */;
			buildPhases = (
				2F1CEC36FB1C3FE87412DD00 /* [CP] Check Pods Manifest.lock */,
				9FDF14862474AA7700A0C727 /* Sources */,
				9FDF14872474AA7700A0C727 /* Frameworks */,
				9FDF14882474AA7700A0C727 /* Resources */,
				63188A406318C379CF671FB7 /* [CP] Embed Pods Frameworks */,
			);
			buildRules = (
			);
			dependencies = (
				9FDF148C2474AA7700A0C727 /* PBXTargetDependency */,
			);
			name = 2020SummerProjUITests;
			productName = 2020SummerProjUITests;
			productReference = 9FDF148A2474AA7700A0C727 /* 2020SummerProjUITests.xctest */;
			productType = "com.apple.product-type.bundle.ui-testing";
		};
/* End PBXNativeTarget section */

/* Begin PBXProject section */
		9FDF14612474AA7600A0C727 /* Project object */ = {
			isa = PBXProject;
			attributes = {
				LastSwiftUpdateCheck = 1140;
				LastUpgradeCheck = 1140;
				ORGANIZATIONNAME = "香槟最靓的仔";
				TargetAttributes = {
					9FDF14682474AA7600A0C727 = {
						CreatedOnToolsVersion = 11.4.1;
					};
					9FDF147E2474AA7700A0C727 = {
						CreatedOnToolsVersion = 11.4.1;
						TestTargetID = 9FDF14682474AA7600A0C727;
					};
					9FDF14892474AA7700A0C727 = {
						CreatedOnToolsVersion = 11.4.1;
						TestTargetID = 9FDF14682474AA7600A0C727;
					};
				};
			};
			buildConfigurationList = 9FDF14642474AA7600A0C727 /* Build configuration list for PBXProject "2020SummerProj" */;
			compatibilityVersion = "Xcode 9.3";
			developmentRegion = en;
			hasScannedForEncodings = 0;
			knownRegions = (
				en,
				Base,
			);
			mainGroup = 9FDF14602474AA7600A0C727;
			productRefGroup = 9FDF146A2474AA7600A0C727 /* Products */;
			projectDirPath = "";
			projectRoot = "";
			targets = (
				9FDF14682474AA7600A0C727 /* 2020SummerProj */,
				9FDF147E2474AA7700A0C727 /* 2020SummerProjTests */,
				9FDF14892474AA7700A0C727 /* 2020SummerProjUITests */,
			);
		};
/* End PBXProject section */

/* Begin PBXResourcesBuildPhase section */
		9FDF14672474AA7600A0C727 /* Resources */ = {
			isa = PBXResourcesBuildPhase;
			buildActionMask = 2147483647;
			files = (
				9FDF14792474AA7700A0C727 /* LaunchScreen.storyboard in Resources */,
				9F97C52D248C4266007F269D /* video.mp4 in Resources */,
				9FCDE4C32474B3F2009F46F3 /* GoogleService-Info.plist in Resources */,
				2C9AEC2A24AA78D5009B40E2 /* ItemCollectionViewCell.xib in Resources */,
				9FDF14762474AA7700A0C727 /* Assets.xcassets in Resources */,
				9FDF14742474AA7600A0C727 /* Main.storyboard in Resources */,
				4111703C2492B4D0007124D9 /* DemoTableTableViewCell.xib in Resources */,
			);
			runOnlyForDeploymentPostprocessing = 0;
		};
		9FDF147D2474AA7700A0C727 /* Resources */ = {
			isa = PBXResourcesBuildPhase;
			buildActionMask = 2147483647;
			files = (
			);
			runOnlyForDeploymentPostprocessing = 0;
		};
		9FDF14882474AA7700A0C727 /* Resources */ = {
			isa = PBXResourcesBuildPhase;
			buildActionMask = 2147483647;
			files = (
			);
			runOnlyForDeploymentPostprocessing = 0;
		};
/* End PBXResourcesBuildPhase section */

/* Begin PBXShellScriptBuildPhase section */
		2DD2107F8EC93653C9C0BA63 /* [CP] Embed Pods Frameworks */ = {
			isa = PBXShellScriptBuildPhase;
			buildActionMask = 2147483647;
			files = (
			);
			inputFileListPaths = (
				"${PODS_ROOT}/Target Support Files/Pods-2020SummerProj/Pods-2020SummerProj-frameworks-${CONFIGURATION}-input-files.xcfilelist",
			);
			name = "[CP] Embed Pods Frameworks";
			outputFileListPaths = (
				"${PODS_ROOT}/Target Support Files/Pods-2020SummerProj/Pods-2020SummerProj-frameworks-${CONFIGURATION}-output-files.xcfilelist",
			);
			runOnlyForDeploymentPostprocessing = 0;
			shellPath = /bin/sh;
			shellScript = "\"${PODS_ROOT}/Target Support Files/Pods-2020SummerProj/Pods-2020SummerProj-frameworks.sh\"\n";
			showEnvVarsInLog = 0;
		};
		2F1CEC36FB1C3FE87412DD00 /* [CP] Check Pods Manifest.lock */ = {
			isa = PBXShellScriptBuildPhase;
			buildActionMask = 2147483647;
			files = (
			);
			inputFileListPaths = (
			);
			inputPaths = (
				"${PODS_PODFILE_DIR_PATH}/Podfile.lock",
				"${PODS_ROOT}/Manifest.lock",
			);
			name = "[CP] Check Pods Manifest.lock";
			outputFileListPaths = (
			);
			outputPaths = (
				"$(DERIVED_FILE_DIR)/Pods-2020SummerProj-2020SummerProjUITests-checkManifestLockResult.txt",
			);
			runOnlyForDeploymentPostprocessing = 0;
			shellPath = /bin/sh;
			shellScript = "diff \"${PODS_PODFILE_DIR_PATH}/Podfile.lock\" \"${PODS_ROOT}/Manifest.lock\" > /dev/null\nif [ $? != 0 ] ; then\n    # print error to STDERR\n    echo \"error: The sandbox is not in sync with the Podfile.lock. Run 'pod install' or update your CocoaPods installation.\" >&2\n    exit 1\nfi\n# This output is used by Xcode 'outputs' to avoid re-running this script phase.\necho \"SUCCESS\" > \"${SCRIPT_OUTPUT_FILE_0}\"\n";
			showEnvVarsInLog = 0;
		};
		5D46E91BCE327C62F06F2236 /* [CP] Check Pods Manifest.lock */ = {
			isa = PBXShellScriptBuildPhase;
			buildActionMask = 2147483647;
			files = (
			);
			inputFileListPaths = (
			);
			inputPaths = (
				"${PODS_PODFILE_DIR_PATH}/Podfile.lock",
				"${PODS_ROOT}/Manifest.lock",
			);
			name = "[CP] Check Pods Manifest.lock";
			outputFileListPaths = (
			);
			outputPaths = (
				"$(DERIVED_FILE_DIR)/Pods-2020SummerProj-checkManifestLockResult.txt",
			);
			runOnlyForDeploymentPostprocessing = 0;
			shellPath = /bin/sh;
			shellScript = "diff \"${PODS_PODFILE_DIR_PATH}/Podfile.lock\" \"${PODS_ROOT}/Manifest.lock\" > /dev/null\nif [ $? != 0 ] ; then\n    # print error to STDERR\n    echo \"error: The sandbox is not in sync with the Podfile.lock. Run 'pod install' or update your CocoaPods installation.\" >&2\n    exit 1\nfi\n# This output is used by Xcode 'outputs' to avoid re-running this script phase.\necho \"SUCCESS\" > \"${SCRIPT_OUTPUT_FILE_0}\"\n";
			showEnvVarsInLog = 0;
		};
		63188A406318C379CF671FB7 /* [CP] Embed Pods Frameworks */ = {
			isa = PBXShellScriptBuildPhase;
			buildActionMask = 2147483647;
			files = (
			);
			inputFileListPaths = (
				"${PODS_ROOT}/Target Support Files/Pods-2020SummerProj-2020SummerProjUITests/Pods-2020SummerProj-2020SummerProjUITests-frameworks-${CONFIGURATION}-input-files.xcfilelist",
			);
			name = "[CP] Embed Pods Frameworks";
			outputFileListPaths = (
				"${PODS_ROOT}/Target Support Files/Pods-2020SummerProj-2020SummerProjUITests/Pods-2020SummerProj-2020SummerProjUITests-frameworks-${CONFIGURATION}-output-files.xcfilelist",
			);
			runOnlyForDeploymentPostprocessing = 0;
			shellPath = /bin/sh;
			shellScript = "\"${PODS_ROOT}/Target Support Files/Pods-2020SummerProj-2020SummerProjUITests/Pods-2020SummerProj-2020SummerProjUITests-frameworks.sh\"\n";
			showEnvVarsInLog = 0;
		};
		F0FAB582E013579213CAA0E6 /* [CP] Check Pods Manifest.lock */ = {
			isa = PBXShellScriptBuildPhase;
			buildActionMask = 2147483647;
			files = (
			);
			inputFileListPaths = (
			);
			inputPaths = (
				"${PODS_PODFILE_DIR_PATH}/Podfile.lock",
				"${PODS_ROOT}/Manifest.lock",
			);
			name = "[CP] Check Pods Manifest.lock";
			outputFileListPaths = (
			);
			outputPaths = (
				"$(DERIVED_FILE_DIR)/Pods-2020SummerProjTests-checkManifestLockResult.txt",
			);
			runOnlyForDeploymentPostprocessing = 0;
			shellPath = /bin/sh;
			shellScript = "diff \"${PODS_PODFILE_DIR_PATH}/Podfile.lock\" \"${PODS_ROOT}/Manifest.lock\" > /dev/null\nif [ $? != 0 ] ; then\n    # print error to STDERR\n    echo \"error: The sandbox is not in sync with the Podfile.lock. Run 'pod install' or update your CocoaPods installation.\" >&2\n    exit 1\nfi\n# This output is used by Xcode 'outputs' to avoid re-running this script phase.\necho \"SUCCESS\" > \"${SCRIPT_OUTPUT_FILE_0}\"\n";
			showEnvVarsInLog = 0;
		};
/* End PBXShellScriptBuildPhase section */

/* Begin PBXSourcesBuildPhase section */
		9FDF14652474AA7600A0C727 /* Sources */ = {
			isa = PBXSourcesBuildPhase;
			buildActionMask = 2147483647;
			files = (
				2C9AEC2B24AA78D5009B40E2 /* ImageViewerViewController.swift in Sources */,
				9F88AFEB247658C0001BEA12 /* firstViewController.swift in Sources */,
				2C04550024838F6100997854 /* TableViewController.swift in Sources */,
				9FDF14712474AA7600A0C727 /* ViewController.swift in Sources */,
				9F88AFE92476588B001BEA12 /* homepageViewController.swift in Sources */,
				2C9AEC2C24AA78D5009B40E2 /* ItemCollectionViewCell.swift in Sources */,
				9F88AFEF247658D6001BEA12 /* profileViewController.swift in Sources */,
				9F97C52F248C44B9007F269D /* fourthViewController.swift in Sources */,
				9F88AFED247658CB001BEA12 /* secondViewController.swift in Sources */,
				4111703B2492B4D0007124D9 /* DemoTableTableViewCell.swift in Sources */,
				9FDF146D2474AA7600A0C727 /* AppDelegate.swift in Sources */,
				9FDF146F2474AA7600A0C727 /* SceneDelegate.swift in Sources */,
				9FDF149E2474AAEA00A0C727 /* initialViewController.swift in Sources */,
				9FDF14A22474AAFE00A0C727 /* signupViewController.swift in Sources */,
				9FDF14A72474AD6800A0C727 /* Utilities.swift in Sources */,
				9F63FB432478810E00CA2ABA /* User.swift in Sources */,
				411170402492B54A007124D9 /* HistoryDetailViewController.swift in Sources */,
				9FDF14A02474AAF400A0C727 /* loginViewController.swift in Sources */,
				4111703E2492B4F9007124D9 /* HistoryViewController.swift in Sources */,
				9FCC246E24757FB1009B0E35 /* Constants.swift in Sources */,
			);
			runOnlyForDeploymentPostprocessing = 0;
		};
		9FDF147B2474AA7700A0C727 /* Sources */ = {
			isa = PBXSourcesBuildPhase;
			buildActionMask = 2147483647;
			files = (
				9FDF14842474AA7700A0C727 /* _020SummerProjTests.swift in Sources */,
			);
			runOnlyForDeploymentPostprocessing = 0;
		};
		9FDF14862474AA7700A0C727 /* Sources */ = {
			isa = PBXSourcesBuildPhase;
			buildActionMask = 2147483647;
			files = (
				9FDF148F2474AA7700A0C727 /* _020SummerProjUITests.swift in Sources */,
			);
			runOnlyForDeploymentPostprocessing = 0;
		};
/* End PBXSourcesBuildPhase section */

/* Begin PBXTargetDependency section */
		9FDF14812474AA7700A0C727 /* PBXTargetDependency */ = {
			isa = PBXTargetDependency;
			target = 9FDF14682474AA7600A0C727 /* 2020SummerProj */;
			targetProxy = 9FDF14802474AA7700A0C727 /* PBXContainerItemProxy */;
		};
		9FDF148C2474AA7700A0C727 /* PBXTargetDependency */ = {
			isa = PBXTargetDependency;
			target = 9FDF14682474AA7600A0C727 /* 2020SummerProj */;
			targetProxy = 9FDF148B2474AA7700A0C727 /* PBXContainerItemProxy */;
		};
/* End PBXTargetDependency section */

/* Begin PBXVariantGroup section */
		9FDF14722474AA7600A0C727 /* Main.storyboard */ = {
			isa = PBXVariantGroup;
			children = (
				9FDF14732474AA7600A0C727 /* Base */,
			);
			name = Main.storyboard;
			sourceTree = "<group>";
		};
		9FDF14772474AA7700A0C727 /* LaunchScreen.storyboard */ = {
			isa = PBXVariantGroup;
			children = (
				9FDF14782474AA7700A0C727 /* Base */,
			);
			name = LaunchScreen.storyboard;
			sourceTree = "<group>";
		};
/* End PBXVariantGroup section */

/* Begin XCBuildConfiguration section */
		9FDF14912474AA7700A0C727 /* Debug */ = {
			isa = XCBuildConfiguration;
			buildSettings = {
				ALWAYS_SEARCH_USER_PATHS = NO;
				CLANG_ANALYZER_NONNULL = YES;
				CLANG_ANALYZER_NUMBER_OBJECT_CONVERSION = YES_AGGRESSIVE;
				CLANG_CXX_LANGUAGE_STANDARD = "gnu++14";
				CLANG_CXX_LIBRARY = "libc++";
				CLANG_ENABLE_MODULES = YES;
				CLANG_ENABLE_OBJC_ARC = YES;
				CLANG_ENABLE_OBJC_WEAK = YES;
				CLANG_WARN_BLOCK_CAPTURE_AUTORELEASING = YES;
				CLANG_WARN_BOOL_CONVERSION = YES;
				CLANG_WARN_COMMA = YES;
				CLANG_WARN_CONSTANT_CONVERSION = YES;
				CLANG_WARN_DEPRECATED_OBJC_IMPLEMENTATIONS = YES;
				CLANG_WARN_DIRECT_OBJC_ISA_USAGE = YES_ERROR;
				CLANG_WARN_DOCUMENTATION_COMMENTS = YES;
				CLANG_WARN_EMPTY_BODY = YES;
				CLANG_WARN_ENUM_CONVERSION = YES;
				CLANG_WARN_INFINITE_RECURSION = YES;
				CLANG_WARN_INT_CONVERSION = YES;
				CLANG_WARN_NON_LITERAL_NULL_CONVERSION = YES;
				CLANG_WARN_OBJC_IMPLICIT_RETAIN_SELF = YES;
				CLANG_WARN_OBJC_LITERAL_CONVERSION = YES;
				CLANG_WARN_OBJC_ROOT_CLASS = YES_ERROR;
				CLANG_WARN_RANGE_LOOP_ANALYSIS = YES;
				CLANG_WARN_STRICT_PROTOTYPES = YES;
				CLANG_WARN_SUSPICIOUS_MOVE = YES;
				CLANG_WARN_UNGUARDED_AVAILABILITY = YES_AGGRESSIVE;
				CLANG_WARN_UNREACHABLE_CODE = YES;
				CLANG_WARN__DUPLICATE_METHOD_MATCH = YES;
				COPY_PHASE_STRIP = NO;
				DEBUG_INFORMATION_FORMAT = dwarf;
				ENABLE_STRICT_OBJC_MSGSEND = YES;
				ENABLE_TESTABILITY = YES;
				GCC_C_LANGUAGE_STANDARD = gnu11;
				GCC_DYNAMIC_NO_PIC = NO;
				GCC_NO_COMMON_BLOCKS = YES;
				GCC_OPTIMIZATION_LEVEL = 0;
				GCC_PREPROCESSOR_DEFINITIONS = (
					"DEBUG=1",
					"$(inherited)",
				);
				GCC_WARN_64_TO_32_BIT_CONVERSION = YES;
				GCC_WARN_ABOUT_RETURN_TYPE = YES_ERROR;
				GCC_WARN_UNDECLARED_SELECTOR = YES;
				GCC_WARN_UNINITIALIZED_AUTOS = YES_AGGRESSIVE;
				GCC_WARN_UNUSED_FUNCTION = YES;
				GCC_WARN_UNUSED_VARIABLE = YES;
				IPHONEOS_DEPLOYMENT_TARGET = 13.4;
				MTL_ENABLE_DEBUG_INFO = INCLUDE_SOURCE;
				MTL_FAST_MATH = YES;
				ONLY_ACTIVE_ARCH = YES;
				SDKROOT = iphoneos;
				SWIFT_ACTIVE_COMPILATION_CONDITIONS = DEBUG;
				SWIFT_OPTIMIZATION_LEVEL = "-Onone";
			};
			name = Debug;
		};
		9FDF14922474AA7700A0C727 /* Release */ = {
			isa = XCBuildConfiguration;
			buildSettings = {
				ALWAYS_SEARCH_USER_PATHS = NO;
				CLANG_ANALYZER_NONNULL = YES;
				CLANG_ANALYZER_NUMBER_OBJECT_CONVERSION = YES_AGGRESSIVE;
				CLANG_CXX_LANGUAGE_STANDARD = "gnu++14";
				CLANG_CXX_LIBRARY = "libc++";
				CLANG_ENABLE_MODULES = YES;
				CLANG_ENABLE_OBJC_ARC = YES;
				CLANG_ENABLE_OBJC_WEAK = YES;
				CLANG_WARN_BLOCK_CAPTURE_AUTORELEASING = YES;
				CLANG_WARN_BOOL_CONVERSION = YES;
				CLANG_WARN_COMMA = YES;
				CLANG_WARN_CONSTANT_CONVERSION = YES;
				CLANG_WARN_DEPRECATED_OBJC_IMPLEMENTATIONS = YES;
				CLANG_WARN_DIRECT_OBJC_ISA_USAGE = YES_ERROR;
				CLANG_WARN_DOCUMENTATION_COMMENTS = YES;
				CLANG_WARN_EMPTY_BODY = YES;
				CLANG_WARN_ENUM_CONVERSION = YES;
				CLANG_WARN_INFINITE_RECURSION = YES;
				CLANG_WARN_INT_CONVERSION = YES;
				CLANG_WARN_NON_LITERAL_NULL_CONVERSION = YES;
				CLANG_WARN_OBJC_IMPLICIT_RETAIN_SELF = YES;
				CLANG_WARN_OBJC_LITERAL_CONVERSION = YES;
				CLANG_WARN_OBJC_ROOT_CLASS = YES_ERROR;
				CLANG_WARN_RANGE_LOOP_ANALYSIS = YES;
				CLANG_WARN_STRICT_PROTOTYPES = YES;
				CLANG_WARN_SUSPICIOUS_MOVE = YES;
				CLANG_WARN_UNGUARDED_AVAILABILITY = YES_AGGRESSIVE;
				CLANG_WARN_UNREACHABLE_CODE = YES;
				CLANG_WARN__DUPLICATE_METHOD_MATCH = YES;
				COPY_PHASE_STRIP = NO;
				DEBUG_INFORMATION_FORMAT = "dwarf-with-dsym";
				ENABLE_NS_ASSERTIONS = NO;
				ENABLE_STRICT_OBJC_MSGSEND = YES;
				GCC_C_LANGUAGE_STANDARD = gnu11;
				GCC_NO_COMMON_BLOCKS = YES;
				GCC_WARN_64_TO_32_BIT_CONVERSION = YES;
				GCC_WARN_ABOUT_RETURN_TYPE = YES_ERROR;
				GCC_WARN_UNDECLARED_SELECTOR = YES;
				GCC_WARN_UNINITIALIZED_AUTOS = YES_AGGRESSIVE;
				GCC_WARN_UNUSED_FUNCTION = YES;
				GCC_WARN_UNUSED_VARIABLE = YES;
				IPHONEOS_DEPLOYMENT_TARGET = 13.4;
				MTL_ENABLE_DEBUG_INFO = NO;
				MTL_FAST_MATH = YES;
				SDKROOT = iphoneos;
				SWIFT_COMPILATION_MODE = wholemodule;
				SWIFT_OPTIMIZATION_LEVEL = "-O";
				VALIDATE_PRODUCT = YES;
			};
			name = Release;
		};
		9FDF14942474AA7700A0C727 /* Debug */ = {
			isa = XCBuildConfiguration;
			baseConfigurationReference = C779054504C7D2C57E3A3D55 /* Pods-2020SummerProj.debug.xcconfig */;
			buildSettings = {
				ASSETCATALOG_COMPILER_APPICON_NAME = AppIcon;
				CODE_SIGN_STYLE = Automatic;
				DEVELOPMENT_TEAM = 74626J58NU;
				INFOPLIST_FILE = 2020SummerProj/Info.plist;
				LD_RUNPATH_SEARCH_PATHS = (
					"$(inherited)",
					"@executable_path/Frameworks",
				);
				PRODUCT_BUNDLE_IDENTIFIER = "com.none.xiangbinzuiliangdezai.-020SummerProj";
				PRODUCT_NAME = "$(TARGET_NAME)";
				SWIFT_VERSION = 5.0;
				TARGETED_DEVICE_FAMILY = "1,2";
			};
			name = Debug;
		};
		9FDF14952474AA7700A0C727 /* Release */ = {
			isa = XCBuildConfiguration;
			baseConfigurationReference = B03FA6EC22191D28988AE360 /* Pods-2020SummerProj.release.xcconfig */;
			buildSettings = {
				ASSETCATALOG_COMPILER_APPICON_NAME = AppIcon;
				CODE_SIGN_STYLE = Automatic;
				DEVELOPMENT_TEAM = 74626J58NU;
				INFOPLIST_FILE = 2020SummerProj/Info.plist;
				LD_RUNPATH_SEARCH_PATHS = (
					"$(inherited)",
					"@executable_path/Frameworks",
				);
				PRODUCT_BUNDLE_IDENTIFIER = "com.none.xiangbinzuiliangdezai.-020SummerProj";
				PRODUCT_NAME = "$(TARGET_NAME)";
				SWIFT_VERSION = 5.0;
				TARGETED_DEVICE_FAMILY = "1,2";
			};
			name = Release;
		};
		9FDF14972474AA7700A0C727 /* Debug */ = {
			isa = XCBuildConfiguration;
			baseConfigurationReference = E81599A638C0693075F2442C /* Pods-2020SummerProjTests.debug.xcconfig */;
			buildSettings = {
				ALWAYS_EMBED_SWIFT_STANDARD_LIBRARIES = YES;
				BUNDLE_LOADER = "$(TEST_HOST)";
				CODE_SIGN_STYLE = Automatic;
				DEVELOPMENT_TEAM = 74626J58NU;
				INFOPLIST_FILE = 2020SummerProjTests/Info.plist;
				IPHONEOS_DEPLOYMENT_TARGET = 13.4;
				LD_RUNPATH_SEARCH_PATHS = (
					"$(inherited)",
					"@executable_path/Frameworks",
					"@loader_path/Frameworks",
				);
				PRODUCT_BUNDLE_IDENTIFIER = "com.none.xiangbinzuiliangdezai.-020SummerProjTests";
				PRODUCT_NAME = "$(TARGET_NAME)";
				SWIFT_VERSION = 5.0;
				TARGETED_DEVICE_FAMILY = "1,2";
				TEST_HOST = "$(BUILT_PRODUCTS_DIR)/2020SummerProj.app/2020SummerProj";
			};
			name = Debug;
		};
		9FDF14982474AA7700A0C727 /* Release */ = {
			isa = XCBuildConfiguration;
			baseConfigurationReference = F8E951A9A4B5F049EC2EBB07 /* Pods-2020SummerProjTests.release.xcconfig */;
			buildSettings = {
				ALWAYS_EMBED_SWIFT_STANDARD_LIBRARIES = YES;
				BUNDLE_LOADER = "$(TEST_HOST)";
				CODE_SIGN_STYLE = Automatic;
				DEVELOPMENT_TEAM = 74626J58NU;
				INFOPLIST_FILE = 2020SummerProjTests/Info.plist;
				IPHONEOS_DEPLOYMENT_TARGET = 13.4;
				LD_RUNPATH_SEARCH_PATHS = (
					"$(inherited)",
					"@executable_path/Frameworks",
					"@loader_path/Frameworks",
				);
				PRODUCT_BUNDLE_IDENTIFIER = "com.none.xiangbinzuiliangdezai.-020SummerProjTests";
				PRODUCT_NAME = "$(TARGET_NAME)";
				SWIFT_VERSION = 5.0;
				TARGETED_DEVICE_FAMILY = "1,2";
				TEST_HOST = "$(BUILT_PRODUCTS_DIR)/2020SummerProj.app/2020SummerProj";
			};
			name = Release;
		};
		9FDF149A2474AA7700A0C727 /* Debug */ = {
			isa = XCBuildConfiguration;
			baseConfigurationReference = A7AA17BD6E5521C88EA382E6 /* Pods-2020SummerProj-2020SummerProjUITests.debug.xcconfig */;
			buildSettings = {
				ALWAYS_EMBED_SWIFT_STANDARD_LIBRARIES = YES;
				CODE_SIGN_STYLE = Automatic;
				DEVELOPMENT_TEAM = 74626J58NU;
				INFOPLIST_FILE = 2020SummerProjUITests/Info.plist;
				LD_RUNPATH_SEARCH_PATHS = (
					"$(inherited)",
					"@executable_path/Frameworks",
					"@loader_path/Frameworks",
				);
				PRODUCT_BUNDLE_IDENTIFIER = "com.none.xiangbinzuiliangdezai.-020SummerProjUITests";
				PRODUCT_NAME = "$(TARGET_NAME)";
				SWIFT_VERSION = 5.0;
				TARGETED_DEVICE_FAMILY = "1,2";
				TEST_TARGET_NAME = 2020SummerProj;
			};
			name = Debug;
		};
		9FDF149B2474AA7700A0C727 /* Release */ = {
			isa = XCBuildConfiguration;
			baseConfigurationReference = 58474411ADC00EC2B92F8B02 /* Pods-2020SummerProj-2020SummerProjUITests.release.xcconfig */;
			buildSettings = {
				ALWAYS_EMBED_SWIFT_STANDARD_LIBRARIES = YES;
				CODE_SIGN_STYLE = Automatic;
				DEVELOPMENT_TEAM = 74626J58NU;
				INFOPLIST_FILE = 2020SummerProjUITests/Info.plist;
				LD_RUNPATH_SEARCH_PATHS = (
					"$(inherited)",
					"@executable_path/Frameworks",
					"@loader_path/Frameworks",
				);
				PRODUCT_BUNDLE_IDENTIFIER = "com.none.xiangbinzuiliangdezai.-020SummerProjUITests";
				PRODUCT_NAME = "$(TARGET_NAME)";
				SWIFT_VERSION = 5.0;
				TARGETED_DEVICE_FAMILY = "1,2";
				TEST_TARGET_NAME = 2020SummerProj;
			};
			name = Release;
		};
/* End XCBuildConfiguration section */

/* Begin XCConfigurationList section */
		9FDF14642474AA7600A0C727 /* Build configuration list for PBXProject "2020SummerProj" */ = {
			isa = XCConfigurationList;
			buildConfigurations = (
				9FDF14912474AA7700A0C727 /* Debug */,
				9FDF14922474AA7700A0C727 /* Release */,
			);
			defaultConfigurationIsVisible = 0;
			defaultConfigurationName = Release;
		};
		9FDF14932474AA7700A0C727 /* Build configuration list for PBXNativeTarget "2020SummerProj" */ = {
			isa = XCConfigurationList;
			buildConfigurations = (
				9FDF14942474AA7700A0C727 /* Debug */,
				9FDF14952474AA7700A0C727 /* Release */,
			);
			defaultConfigurationIsVisible = 0;
			defaultConfigurationName = Release;
		};
		9FDF14962474AA7700A0C727 /* Build configuration list for PBXNativeTarget "2020SummerProjTests" */ = {
			isa = XCConfigurationList;
			buildConfigurations = (
				9FDF14972474AA7700A0C727 /* Debug */,
				9FDF14982474AA7700A0C727 /* Release */,
			);
			defaultConfigurationIsVisible = 0;
			defaultConfigurationName = Release;
		};
		9FDF14992474AA7700A0C727 /* Build configuration list for PBXNativeTarget "2020SummerProjUITests" */ = {
			isa = XCConfigurationList;
			buildConfigurations = (
				9FDF149A2474AA7700A0C727 /* Debug */,
				9FDF149B2474AA7700A0C727 /* Release */,
			);
			defaultConfigurationIsVisible = 0;
			defaultConfigurationName = Release;
		};
/* End XCConfigurationList section */
	};
	rootObject = 9FDF14612474AA7600A0C727 /* Project object */;
}
